// !$*UTF8*$!
{
	archiveVersion = 1;
	classes = {
	};
	objectVersion = 56;
	objects = {

/* Begin PBXBuildFile section */
		102CF0402B82985900621260 /* HomeView.swift in Sources */ = {isa = PBXBuildFile; fileRef = 102CF03F2B82985900621260 /* HomeView.swift */; };
		102CF0422B82987300621260 /* ProfileView.swift in Sources */ = {isa = PBXBuildFile; fileRef = 102CF0412B82987300621260 /* ProfileView.swift */; };
		102CF0442B82989100621260 /* MyPostsView.swift in Sources */ = {isa = PBXBuildFile; fileRef = 102CF0432B82989100621260 /* MyPostsView.swift */; };
		102CF0462B8298AC00621260 /* EditProfileView.swift in Sources */ = {isa = PBXBuildFile; fileRef = 102CF0452B8298AC00621260 /* EditProfileView.swift */; };
		102E11E62B8B45FC000445CA /* GoogleService-Info.plist in Resources */ = {isa = PBXBuildFile; fileRef = 102E11E52B8B45FC000445CA /* GoogleService-Info.plist */; };
		102E11E92B8B68D3000445CA /* FirebaseAnalytics in Frameworks */ = {isa = PBXBuildFile; productRef = 102E11E82B8B68D3000445CA /* FirebaseAnalytics */; };
		102E11EB2B8B68D3000445CA /* FirebaseAnalyticsOnDeviceConversion in Frameworks */ = {isa = PBXBuildFile; productRef = 102E11EA2B8B68D3000445CA /* FirebaseAnalyticsOnDeviceConversion */; };
		102E11ED2B8B68D3000445CA /* FirebaseAnalyticsSwift in Frameworks */ = {isa = PBXBuildFile; productRef = 102E11EC2B8B68D3000445CA /* FirebaseAnalyticsSwift */; };
		102E11EF2B8B68D3000445CA /* FirebaseAnalyticsWithoutAdIdSupport in Frameworks */ = {isa = PBXBuildFile; productRef = 102E11EE2B8B68D3000445CA /* FirebaseAnalyticsWithoutAdIdSupport */; };
		102E11F12B8B68D3000445CA /* FirebaseAppCheck in Frameworks */ = {isa = PBXBuildFile; productRef = 102E11F02B8B68D3000445CA /* FirebaseAppCheck */; };
		102E11F32B8B68D3000445CA /* FirebaseAppDistribution-Beta in Frameworks */ = {isa = PBXBuildFile; productRef = 102E11F22B8B68D3000445CA /* FirebaseAppDistribution-Beta */; };
		102E11F52B8B68D3000445CA /* FirebaseAuth in Frameworks */ = {isa = PBXBuildFile; productRef = 102E11F42B8B68D3000445CA /* FirebaseAuth */; };
		102E11F72B8B68D3000445CA /* FirebaseAuthCombine-Community in Frameworks */ = {isa = PBXBuildFile; productRef = 102E11F62B8B68D3000445CA /* FirebaseAuthCombine-Community */; };
		102E11F92B8B68D3000445CA /* FirebaseCrashlytics in Frameworks */ = {isa = PBXBuildFile; productRef = 102E11F82B8B68D3000445CA /* FirebaseCrashlytics */; };
		102E11FB2B8B68D3000445CA /* FirebaseDatabase in Frameworks */ = {isa = PBXBuildFile; productRef = 102E11FA2B8B68D3000445CA /* FirebaseDatabase */; };
		102E11FD2B8B68D3000445CA /* FirebaseDatabaseSwift in Frameworks */ = {isa = PBXBuildFile; productRef = 102E11FC2B8B68D3000445CA /* FirebaseDatabaseSwift */; };
		102E11FF2B8B68D3000445CA /* FirebaseDynamicLinks in Frameworks */ = {isa = PBXBuildFile; productRef = 102E11FE2B8B68D3000445CA /* FirebaseDynamicLinks */; };
		102E12012B8B68D3000445CA /* FirebaseFirestore in Frameworks */ = {isa = PBXBuildFile; productRef = 102E12002B8B68D3000445CA /* FirebaseFirestore */; };
		102E12032B8B68D3000445CA /* FirebaseFirestoreCombine-Community in Frameworks */ = {isa = PBXBuildFile; productRef = 102E12022B8B68D3000445CA /* FirebaseFirestoreCombine-Community */; };
		102E12052B8B68D3000445CA /* FirebaseFirestoreSwift in Frameworks */ = {isa = PBXBuildFile; productRef = 102E12042B8B68D3000445CA /* FirebaseFirestoreSwift */; };
		102E12072B8B68D3000445CA /* FirebaseFunctions in Frameworks */ = {isa = PBXBuildFile; productRef = 102E12062B8B68D3000445CA /* FirebaseFunctions */; };
		102E12092B8B68D3000445CA /* FirebaseFunctionsCombine-Community in Frameworks */ = {isa = PBXBuildFile; productRef = 102E12082B8B68D3000445CA /* FirebaseFunctionsCombine-Community */; };
		102E120B2B8B68D3000445CA /* FirebaseInAppMessaging-Beta in Frameworks */ = {isa = PBXBuildFile; productRef = 102E120A2B8B68D3000445CA /* FirebaseInAppMessaging-Beta */; };
		102E120D2B8B68D3000445CA /* FirebaseInAppMessagingSwift-Beta in Frameworks */ = {isa = PBXBuildFile; productRef = 102E120C2B8B68D3000445CA /* FirebaseInAppMessagingSwift-Beta */; };
		102E120F2B8B68D3000445CA /* FirebaseInstallations in Frameworks */ = {isa = PBXBuildFile; productRef = 102E120E2B8B68D3000445CA /* FirebaseInstallations */; };
		102E12112B8B68D3000445CA /* FirebaseMLModelDownloader in Frameworks */ = {isa = PBXBuildFile; productRef = 102E12102B8B68D3000445CA /* FirebaseMLModelDownloader */; };
		102E12132B8B68D3000445CA /* FirebaseMessaging in Frameworks */ = {isa = PBXBuildFile; productRef = 102E12122B8B68D3000445CA /* FirebaseMessaging */; };
		102E12152B8B68D3000445CA /* FirebasePerformance in Frameworks */ = {isa = PBXBuildFile; productRef = 102E12142B8B68D3000445CA /* FirebasePerformance */; };
		102E12172B8B68D3000445CA /* FirebaseRemoteConfig in Frameworks */ = {isa = PBXBuildFile; productRef = 102E12162B8B68D3000445CA /* FirebaseRemoteConfig */; };
		102E12192B8B68D3000445CA /* FirebaseRemoteConfigSwift in Frameworks */ = {isa = PBXBuildFile; productRef = 102E12182B8B68D3000445CA /* FirebaseRemoteConfigSwift */; };
		102E121B2B8B68D3000445CA /* FirebaseStorage in Frameworks */ = {isa = PBXBuildFile; productRef = 102E121A2B8B68D3000445CA /* FirebaseStorage */; };
		102E121D2B8B68D3000445CA /* FirebaseStorageCombine-Community in Frameworks */ = {isa = PBXBuildFile; productRef = 102E121C2B8B68D3000445CA /* FirebaseStorageCombine-Community */; };
		102F85C42B8FF43000B70211 /* PostItemCard.swift in Sources */ = {isa = PBXBuildFile; fileRef = 102F85C32B8FF42F00B70211 /* PostItemCard.swift */; };
		105717C02B7AD68D001C281C /* AppDelegate.swift in Sources */ = {isa = PBXBuildFile; fileRef = 105717BF2B7AD68D001C281C /* AppDelegate.swift */; };
		105717C22B7AD68D001C281C /* SceneDelegate.swift in Sources */ = {isa = PBXBuildFile; fileRef = 105717C12B7AD68D001C281C /* SceneDelegate.swift */; };
		105717C42B7AD68D001C281C /* WelcomeView.swift in Sources */ = {isa = PBXBuildFile; fileRef = 105717C32B7AD68D001C281C /* WelcomeView.swift */; };
		105717C72B7AD68D001C281C /* Main.storyboard in Resources */ = {isa = PBXBuildFile; fileRef = 105717C52B7AD68D001C281C /* Main.storyboard */; };
		105717C92B7AD68F001C281C /* Assets.xcassets in Resources */ = {isa = PBXBuildFile; fileRef = 105717C82B7AD68F001C281C /* Assets.xcassets */; };
		108178B32B7EA07800E69049 /* MainView.swift in Sources */ = {isa = PBXBuildFile; fileRef = 108178B22B7EA07800E69049 /* MainView.swift */; };
		1089622F2B86987800E848AC /* CoreDataDemo.xcdatamodeld in Sources */ = {isa = PBXBuildFile; fileRef = 1089622D2B86987800E848AC /* CoreDataDemo.xcdatamodeld */; };
		10A463422B9073D1005D2C45 /* DBHelper.swift in Sources */ = {isa = PBXBuildFile; fileRef = 10A463412B9073D1005D2C45 /* DBHelper.swift */; };
		10A463442B907DEF005D2C45 /* AddPostView.swift in Sources */ = {isa = PBXBuildFile; fileRef = 10A463432B907DEF005D2C45 /* AddPostView.swift */; };
		10A463472B9093B4005D2C45 /* Posts+CoreDataClass.swift in Sources */ = {isa = PBXBuildFile; fileRef = 10A463452B9093B4005D2C45 /* Posts+CoreDataClass.swift */; };
		10A463482B9093B4005D2C45 /* Posts+CoreDataProperties.swift in Sources */ = {isa = PBXBuildFile; fileRef = 10A463462B9093B4005D2C45 /* Posts+CoreDataProperties.swift */; };
		10A4634E2B90C0B4005D2C45 /* ListItemCard.swift in Sources */ = {isa = PBXBuildFile; fileRef = 10A4634D2B90C0B4005D2C45 /* ListItemCard.swift */; };
		10F0FEF52B8FC00A00E470C5 /* FirstView.swift in Sources */ = {isa = PBXBuildFile; fileRef = 10F0FEF42B8FC00A00E470C5 /* FirstView.swift */; };
		10F0FEFC2B8FC99C00E470C5 /* LoginView.swift in Sources */ = {isa = PBXBuildFile; fileRef = 10F0FEFB2B8FC99C00E470C5 /* LoginView.swift */; };
		10F0FEFE2B8FCCB000E470C5 /* SignUpView.swift in Sources */ = {isa = PBXBuildFile; fileRef = 10F0FEFD2B8FCCB000E470C5 /* SignUpView.swift */; };
		10F0FF092B8FE27300E470C5 /* Users+CoreDataClass.swift in Sources */ = {isa = PBXBuildFile; fileRef = 10F0FF012B8FE27300E470C5 /* Users+CoreDataClass.swift */; };
		10F0FF0A2B8FE27300E470C5 /* Users+CoreDataProperties.swift in Sources */ = {isa = PBXBuildFile; fileRef = 10F0FF022B8FE27300E470C5 /* Users+CoreDataProperties.swift */; };
		10F0FF0B2B8FE27300E470C5 /* Regions+CoreDataClass.swift in Sources */ = {isa = PBXBuildFile; fileRef = 10F0FF032B8FE27300E470C5 /* Regions+CoreDataClass.swift */; };
		10F0FF0C2B8FE27300E470C5 /* Regions+CoreDataProperties.swift in Sources */ = {isa = PBXBuildFile; fileRef = 10F0FF042B8FE27300E470C5 /* Regions+CoreDataProperties.swift */; };
		10F0FF0F2B8FE27300E470C5 /* Likes+CoreDataClass.swift in Sources */ = {isa = PBXBuildFile; fileRef = 10F0FF072B8FE27300E470C5 /* Likes+CoreDataClass.swift */; };
		10F0FF102B8FE27300E470C5 /* Likes+CoreDataProperties.swift in Sources */ = {isa = PBXBuildFile; fileRef = 10F0FF082B8FE27300E470C5 /* Likes+CoreDataProperties.swift */; };
		10F0FF132B8FE37D00E470C5 /* Comments+CoreDataClass.swift in Sources */ = {isa = PBXBuildFile; fileRef = 10F0FF112B8FE37D00E470C5 /* Comments+CoreDataClass.swift */; };
		10F0FF142B8FE37D00E470C5 /* Comments+CoreDataProperties.swift in Sources */ = {isa = PBXBuildFile; fileRef = 10F0FF122B8FE37D00E470C5 /* Comments+CoreDataProperties.swift */; };
/* End PBXBuildFile section */

/* Begin PBXFileReference section */
		102CF03F2B82985900621260 /* HomeView.swift */ = {isa = PBXFileReference; lastKnownFileType = sourcecode.swift; path = HomeView.swift; sourceTree = "<group>"; };
		102CF0412B82987300621260 /* ProfileView.swift */ = {isa = PBXFileReference; lastKnownFileType = sourcecode.swift; path = ProfileView.swift; sourceTree = "<group>"; };
		102CF0432B82989100621260 /* MyPostsView.swift */ = {isa = PBXFileReference; lastKnownFileType = sourcecode.swift; path = MyPostsView.swift; sourceTree = "<group>"; };
		102CF0452B8298AC00621260 /* EditProfileView.swift */ = {isa = PBXFileReference; lastKnownFileType = sourcecode.swift; path = EditProfileView.swift; sourceTree = "<group>"; };
		102E11E52B8B45FC000445CA /* GoogleService-Info.plist */ = {isa = PBXFileReference; fileEncoding = 4; lastKnownFileType = text.plist.xml; path = "GoogleService-Info.plist"; sourceTree = "<group>"; };
		102F85C32B8FF42F00B70211 /* PostItemCard.swift */ = {isa = PBXFileReference; lastKnownFileType = sourcecode.swift; path = PostItemCard.swift; sourceTree = "<group>"; };
		105717BC2B7AD68D001C281C /* IOS-app_Gr6.app */ = {isa = PBXFileReference; explicitFileType = wrapper.application; includeInIndex = 0; path = "IOS-app_Gr6.app"; sourceTree = BUILT_PRODUCTS_DIR; };
		105717BF2B7AD68D001C281C /* AppDelegate.swift */ = {isa = PBXFileReference; lastKnownFileType = sourcecode.swift; path = AppDelegate.swift; sourceTree = "<group>"; };
		105717C12B7AD68D001C281C /* SceneDelegate.swift */ = {isa = PBXFileReference; lastKnownFileType = sourcecode.swift; path = SceneDelegate.swift; sourceTree = "<group>"; };
		105717C32B7AD68D001C281C /* WelcomeView.swift */ = {isa = PBXFileReference; lastKnownFileType = sourcecode.swift; path = WelcomeView.swift; sourceTree = "<group>"; };
		105717C62B7AD68D001C281C /* Base */ = {isa = PBXFileReference; lastKnownFileType = file.storyboard; name = Base; path = Base.lproj/Main.storyboard; sourceTree = "<group>"; };
		105717C82B7AD68F001C281C /* Assets.xcassets */ = {isa = PBXFileReference; lastKnownFileType = folder.assetcatalog; path = Assets.xcassets; sourceTree = "<group>"; };
		105717CD2B7AD68F001C281C /* Info.plist */ = {isa = PBXFileReference; lastKnownFileType = text.plist.xml; path = Info.plist; sourceTree = "<group>"; };
		108178B22B7EA07800E69049 /* MainView.swift */ = {isa = PBXFileReference; lastKnownFileType = sourcecode.swift; path = MainView.swift; sourceTree = "<group>"; };
		1089622E2B86987800E848AC /* CoreDataDemo.xcdatamodel */ = {isa = PBXFileReference; lastKnownFileType = wrapper.xcdatamodel; path = CoreDataDemo.xcdatamodel; sourceTree = "<group>"; };
		10A463412B9073D1005D2C45 /* DBHelper.swift */ = {isa = PBXFileReference; lastKnownFileType = sourcecode.swift; path = DBHelper.swift; sourceTree = "<group>"; };
		10A463432B907DEF005D2C45 /* AddPostView.swift */ = {isa = PBXFileReference; lastKnownFileType = sourcecode.swift; path = AddPostView.swift; sourceTree = "<group>"; };
		10A463452B9093B4005D2C45 /* Posts+CoreDataClass.swift */ = {isa = PBXFileReference; lastKnownFileType = sourcecode.swift; name = "Posts+CoreDataClass.swift"; path = "../../Posts+CoreDataClass.swift"; sourceTree = "<group>"; };
		10A463462B9093B4005D2C45 /* Posts+CoreDataProperties.swift */ = {isa = PBXFileReference; lastKnownFileType = sourcecode.swift; name = "Posts+CoreDataProperties.swift"; path = "../../Posts+CoreDataProperties.swift"; sourceTree = "<group>"; };
		10A4634D2B90C0B4005D2C45 /* ListItemCard.swift */ = {isa = PBXFileReference; lastKnownFileType = sourcecode.swift; path = ListItemCard.swift; sourceTree = "<group>"; };
		10F0FEF42B8FC00A00E470C5 /* FirstView.swift */ = {isa = PBXFileReference; lastKnownFileType = sourcecode.swift; path = FirstView.swift; sourceTree = "<group>"; };
		10F0FEFB2B8FC99C00E470C5 /* LoginView.swift */ = {isa = PBXFileReference; lastKnownFileType = sourcecode.swift; path = LoginView.swift; sourceTree = "<group>"; };
		10F0FEFD2B8FCCB000E470C5 /* SignUpView.swift */ = {isa = PBXFileReference; lastKnownFileType = sourcecode.swift; path = SignUpView.swift; sourceTree = "<group>"; };
		10F0FF012B8FE27300E470C5 /* Users+CoreDataClass.swift */ = {isa = PBXFileReference; lastKnownFileType = sourcecode.swift; path = "Users+CoreDataClass.swift"; sourceTree = "<group>"; };
		10F0FF022B8FE27300E470C5 /* Users+CoreDataProperties.swift */ = {isa = PBXFileReference; lastKnownFileType = sourcecode.swift; path = "Users+CoreDataProperties.swift"; sourceTree = "<group>"; };
		10F0FF032B8FE27300E470C5 /* Regions+CoreDataClass.swift */ = {isa = PBXFileReference; lastKnownFileType = sourcecode.swift; path = "Regions+CoreDataClass.swift"; sourceTree = "<group>"; };
		10F0FF042B8FE27300E470C5 /* Regions+CoreDataProperties.swift */ = {isa = PBXFileReference; lastKnownFileType = sourcecode.swift; path = "Regions+CoreDataProperties.swift"; sourceTree = "<group>"; };
		10F0FF072B8FE27300E470C5 /* Likes+CoreDataClass.swift */ = {isa = PBXFileReference; lastKnownFileType = sourcecode.swift; path = "Likes+CoreDataClass.swift"; sourceTree = "<group>"; };
		10F0FF082B8FE27300E470C5 /* Likes+CoreDataProperties.swift */ = {isa = PBXFileReference; lastKnownFileType = sourcecode.swift; path = "Likes+CoreDataProperties.swift"; sourceTree = "<group>"; };
		10F0FF112B8FE37D00E470C5 /* Comments+CoreDataClass.swift */ = {isa = PBXFileReference; lastKnownFileType = sourcecode.swift; path = "Comments+CoreDataClass.swift"; sourceTree = "<group>"; };
		10F0FF122B8FE37D00E470C5 /* Comments+CoreDataProperties.swift */ = {isa = PBXFileReference; lastKnownFileType = sourcecode.swift; path = "Comments+CoreDataProperties.swift"; sourceTree = "<group>"; };
/* End PBXFileReference section */

/* Begin PBXFrameworksBuildPhase section */
		105717B92B7AD68D001C281C /* Frameworks */ = {
			isa = PBXFrameworksBuildPhase;
			buildActionMask = 2147483647;
			files = (
				102E11FB2B8B68D3000445CA /* FirebaseDatabase in Frameworks */,
				102E12092B8B68D3000445CA /* FirebaseFunctionsCombine-Community in Frameworks */,
				102E12012B8B68D3000445CA /* FirebaseFirestore in Frameworks */,
				102E11ED2B8B68D3000445CA /* FirebaseAnalyticsSwift in Frameworks */,
				102E11E92B8B68D3000445CA /* FirebaseAnalytics in Frameworks */,
				102E11EB2B8B68D3000445CA /* FirebaseAnalyticsOnDeviceConversion in Frameworks */,
				102E12112B8B68D3000445CA /* FirebaseMLModelDownloader in Frameworks */,
				102E12052B8B68D3000445CA /* FirebaseFirestoreSwift in Frameworks */,
				102E11F12B8B68D3000445CA /* FirebaseAppCheck in Frameworks */,
				102E11EF2B8B68D3000445CA /* FirebaseAnalyticsWithoutAdIdSupport in Frameworks */,
				102E11F52B8B68D3000445CA /* FirebaseAuth in Frameworks */,
				102E11F92B8B68D3000445CA /* FirebaseCrashlytics in Frameworks */,
				102E12192B8B68D3000445CA /* FirebaseRemoteConfigSwift in Frameworks */,
				102E120B2B8B68D3000445CA /* FirebaseInAppMessaging-Beta in Frameworks */,
				102E11FD2B8B68D3000445CA /* FirebaseDatabaseSwift in Frameworks */,
				102E12072B8B68D3000445CA /* FirebaseFunctions in Frameworks */,
				102E121D2B8B68D3000445CA /* FirebaseStorageCombine-Community in Frameworks */,
				102E12172B8B68D3000445CA /* FirebaseRemoteConfig in Frameworks */,
				102E11F32B8B68D3000445CA /* FirebaseAppDistribution-Beta in Frameworks */,
				102E11F72B8B68D3000445CA /* FirebaseAuthCombine-Community in Frameworks */,
				102E12152B8B68D3000445CA /* FirebasePerformance in Frameworks */,
				102E120D2B8B68D3000445CA /* FirebaseInAppMessagingSwift-Beta in Frameworks */,
				102E121B2B8B68D3000445CA /* FirebaseStorage in Frameworks */,
				102E11FF2B8B68D3000445CA /* FirebaseDynamicLinks in Frameworks */,
				102E12032B8B68D3000445CA /* FirebaseFirestoreCombine-Community in Frameworks */,
				102E12132B8B68D3000445CA /* FirebaseMessaging in Frameworks */,
				102E120F2B8B68D3000445CA /* FirebaseInstallations in Frameworks */,
			);
			runOnlyForDeploymentPostprocessing = 0;
		};
/* End PBXFrameworksBuildPhase section */

/* Begin PBXGroup section */
		102CF03E2B82983700621260 /* Navigation */ = {
			isa = PBXGroup;
			children = (
				102CF03F2B82985900621260 /* HomeView.swift */,
				102CF0412B82987300621260 /* ProfileView.swift */,
				102CF0432B82989100621260 /* MyPostsView.swift */,
			);
			path = Navigation;
			sourceTree = "<group>";
		};
		102F85C02B8FEBD000B70211 /* Modals */ = {
			isa = PBXGroup;
			children = (
				102CF0452B8298AC00621260 /* EditProfileView.swift */,
				10A463432B907DEF005D2C45 /* AddPostView.swift */,
			);
			path = Modals;
			sourceTree = "<group>";
		};
		105717B32B7AD68D001C281C = {
			isa = PBXGroup;
			children = (
				105717BE2B7AD68D001C281C /* IOS-app_Gr6 */,
				105717BD2B7AD68D001C281C /* Products */,
			);
			sourceTree = "<group>";
		};
		105717BD2B7AD68D001C281C /* Products */ = {
			isa = PBXGroup;
			children = (
				105717BC2B7AD68D001C281C /* IOS-app_Gr6.app */,
			);
			name = Products;
			sourceTree = "<group>";
		};
		105717BE2B7AD68D001C281C /* IOS-app_Gr6 */ = {
			isa = PBXGroup;
			children = (
				10F0FEF12B8FB87F00E470C5 /* Database */,
				10F0FEEF2B8FB76D00E470C5 /* Models */,
				10F0FEEE2B8FB72600E470C5 /* Views */,
				102CF03E2B82983700621260 /* Navigation */,
				105717BF2B7AD68D001C281C /* AppDelegate.swift */,
				105717C12B7AD68D001C281C /* SceneDelegate.swift */,
				105717C32B7AD68D001C281C /* WelcomeView.swift */,
				105717C52B7AD68D001C281C /* Main.storyboard */,
				1089622D2B86987800E848AC /* CoreDataDemo.xcdatamodeld */,
				102E11E52B8B45FC000445CA /* GoogleService-Info.plist */,
				105717C82B7AD68F001C281C /* Assets.xcassets */,
				105717CD2B7AD68F001C281C /* Info.plist */,
			);
			path = "IOS-app_Gr6";
			sourceTree = "<group>";
		};
		10F0FEEE2B8FB72600E470C5 /* Views */ = {
			isa = PBXGroup;
			children = (
				10F0FEF62B8FC19A00E470C5 /* Components */,
				102F85C02B8FEBD000B70211 /* Modals */,
				10F0FEFB2B8FC99C00E470C5 /* LoginView.swift */,
				10F0FEFD2B8FCCB000E470C5 /* SignUpView.swift */,
				10F0FEF42B8FC00A00E470C5 /* FirstView.swift */,
				108178B22B7EA07800E69049 /* MainView.swift */,
			);
			path = Views;
			sourceTree = "<group>";
		};
		10F0FEEF2B8FB76D00E470C5 /* Models */ = {
			isa = PBXGroup;
			children = (
				10A463452B9093B4005D2C45 /* Posts+CoreDataClass.swift */,
				10A463462B9093B4005D2C45 /* Posts+CoreDataProperties.swift */,
				10F0FF112B8FE37D00E470C5 /* Comments+CoreDataClass.swift */,
				10F0FF122B8FE37D00E470C5 /* Comments+CoreDataProperties.swift */,
				10F0FF012B8FE27300E470C5 /* Users+CoreDataClass.swift */,
				10F0FF022B8FE27300E470C5 /* Users+CoreDataProperties.swift */,
				10F0FF032B8FE27300E470C5 /* Regions+CoreDataClass.swift */,
				10F0FF042B8FE27300E470C5 /* Regions+CoreDataProperties.swift */,
				10F0FF072B8FE27300E470C5 /* Likes+CoreDataClass.swift */,
				10F0FF082B8FE27300E470C5 /* Likes+CoreDataProperties.swift */,
			);
			path = Models;
			sourceTree = "<group>";
		};
		10F0FEF12B8FB87F00E470C5 /* Database */ = {
			isa = PBXGroup;
			children = (
				10A463412B9073D1005D2C45 /* DBHelper.swift */,
			);
			path = Database;
			sourceTree = "<group>";
		};
		10F0FEF62B8FC19A00E470C5 /* Components */ = {
			isa = PBXGroup;
			children = (
				102F85C32B8FF42F00B70211 /* PostItemCard.swift */,
				10A4634D2B90C0B4005D2C45 /* ListItemCard.swift */,
			);
			path = Components;
			sourceTree = "<group>";
		};
/* End PBXGroup section */

/* Begin PBXNativeTarget section */
		105717BB2B7AD68D001C281C /* IOS-app_Gr6 */ = {
			isa = PBXNativeTarget;
			buildConfigurationList = 105717D02B7AD68F001C281C /* Build configuration list for PBXNativeTarget "IOS-app_Gr6" */;
			buildPhases = (
				105717B82B7AD68D001C281C /* Sources */,
				105717B92B7AD68D001C281C /* Frameworks */,
				105717BA2B7AD68D001C281C /* Resources */,
			);
			buildRules = (
			);
			dependencies = (
			);
			name = "IOS-app_Gr6";
			packageProductDependencies = (
				102E11E82B8B68D3000445CA /* FirebaseAnalytics */,
				102E11EA2B8B68D3000445CA /* FirebaseAnalyticsOnDeviceConversion */,
				102E11EC2B8B68D3000445CA /* FirebaseAnalyticsSwift */,
				102E11EE2B8B68D3000445CA /* FirebaseAnalyticsWithoutAdIdSupport */,
				102E11F02B8B68D3000445CA /* FirebaseAppCheck */,
				102E11F22B8B68D3000445CA /* FirebaseAppDistribution-Beta */,
				102E11F42B8B68D3000445CA /* FirebaseAuth */,
				102E11F62B8B68D3000445CA /* FirebaseAuthCombine-Community */,
				102E11F82B8B68D3000445CA /* FirebaseCrashlytics */,
				102E11FA2B8B68D3000445CA /* FirebaseDatabase */,
				102E11FC2B8B68D3000445CA /* FirebaseDatabaseSwift */,
				102E11FE2B8B68D3000445CA /* FirebaseDynamicLinks */,
				102E12002B8B68D3000445CA /* FirebaseFirestore */,
				102E12022B8B68D3000445CA /* FirebaseFirestoreCombine-Community */,
				102E12042B8B68D3000445CA /* FirebaseFirestoreSwift */,
				102E12062B8B68D3000445CA /* FirebaseFunctions */,
				102E12082B8B68D3000445CA /* FirebaseFunctionsCombine-Community */,
				102E120A2B8B68D3000445CA /* FirebaseInAppMessaging-Beta */,
				102E120C2B8B68D3000445CA /* FirebaseInAppMessagingSwift-Beta */,
				102E120E2B8B68D3000445CA /* FirebaseInstallations */,
				102E12102B8B68D3000445CA /* FirebaseMLModelDownloader */,
				102E12122B8B68D3000445CA /* FirebaseMessaging */,
				102E12142B8B68D3000445CA /* FirebasePerformance */,
				102E12162B8B68D3000445CA /* FirebaseRemoteConfig */,
				102E12182B8B68D3000445CA /* FirebaseRemoteConfigSwift */,
				102E121A2B8B68D3000445CA /* FirebaseStorage */,
				102E121C2B8B68D3000445CA /* FirebaseStorageCombine-Community */,
			);
			productName = "IOS-app_Gr6";
			productReference = 105717BC2B7AD68D001C281C /* IOS-app_Gr6.app */;
			productType = "com.apple.product-type.application";
		};
/* End PBXNativeTarget section */

/* Begin PBXProject section */
		105717B42B7AD68D001C281C /* Project object */ = {
			isa = PBXProject;
			attributes = {
				BuildIndependentTargetsInParallel = 1;
				LastSwiftUpdateCheck = 1520;
				LastUpgradeCheck = 1520;
				TargetAttributes = {
					105717BB2B7AD68D001C281C = {
						CreatedOnToolsVersion = 15.2;
					};
				};
			};
			buildConfigurationList = 105717B72B7AD68D001C281C /* Build configuration list for PBXProject "IOS-app_Gr6" */;
			compatibilityVersion = "Xcode 14.0";
			developmentRegion = en;
			hasScannedForEncodings = 0;
			knownRegions = (
				en,
				Base,
			);
			mainGroup = 105717B32B7AD68D001C281C;
			packageReferences = (
				102E11E72B8B68D3000445CA /* XCRemoteSwiftPackageReference "firebase-ios-sdk" */,
			);
			productRefGroup = 105717BD2B7AD68D001C281C /* Products */;
			projectDirPath = "";
			projectRoot = "";
			targets = (
				105717BB2B7AD68D001C281C /* IOS-app_Gr6 */,
			);
		};
/* End PBXProject section */

/* Begin PBXResourcesBuildPhase section */
		105717BA2B7AD68D001C281C /* Resources */ = {
			isa = PBXResourcesBuildPhase;
			buildActionMask = 2147483647;
			files = (
				105717C92B7AD68F001C281C /* Assets.xcassets in Resources */,
				105717C72B7AD68D001C281C /* Main.storyboard in Resources */,
				102E11E62B8B45FC000445CA /* GoogleService-Info.plist in Resources */,
			);
			runOnlyForDeploymentPostprocessing = 0;
		};
/* End PBXResourcesBuildPhase section */

/* Begin PBXSourcesBuildPhase section */
		105717B82B7AD68D001C281C /* Sources */ = {
			isa = PBXSourcesBuildPhase;
			buildActionMask = 2147483647;
			files = (
				102CF0462B8298AC00621260 /* EditProfileView.swift in Sources */,
				10F0FF142B8FE37D00E470C5 /* Comments+CoreDataProperties.swift in Sources */,
				10F0FF102B8FE27300E470C5 /* Likes+CoreDataProperties.swift in Sources */,
				102CF0422B82987300621260 /* ProfileView.swift in Sources */,
				10A463422B9073D1005D2C45 /* DBHelper.swift in Sources */,
				10A463482B9093B4005D2C45 /* Posts+CoreDataProperties.swift in Sources */,
				102CF0402B82985900621260 /* HomeView.swift in Sources */,
				108178B32B7EA07800E69049 /* MainView.swift in Sources */,
				1089622F2B86987800E848AC /* CoreDataDemo.xcdatamodeld in Sources */,
				10F0FEF52B8FC00A00E470C5 /* FirstView.swift in Sources */,
				105717C42B7AD68D001C281C /* WelcomeView.swift in Sources */,
				105717C02B7AD68D001C281C /* AppDelegate.swift in Sources */,
				10F0FF092B8FE27300E470C5 /* Users+CoreDataClass.swift in Sources */,
				10A463472B9093B4005D2C45 /* Posts+CoreDataClass.swift in Sources */,
				102F85C42B8FF43000B70211 /* PostItemCard.swift in Sources */,
				10A463442B907DEF005D2C45 /* AddPostView.swift in Sources */,
				10F0FF0B2B8FE27300E470C5 /* Regions+CoreDataClass.swift in Sources */,
				105717C22B7AD68D001C281C /* SceneDelegate.swift in Sources */,
				10F0FF132B8FE37D00E470C5 /* Comments+CoreDataClass.swift in Sources */,
				10F0FF0C2B8FE27300E470C5 /* Regions+CoreDataProperties.swift in Sources */,
				10F0FEFC2B8FC99C00E470C5 /* LoginView.swift in Sources */,
				10F0FF0F2B8FE27300E470C5 /* Likes+CoreDataClass.swift in Sources */,
				10F0FEFE2B8FCCB000E470C5 /* SignUpView.swift in Sources */,
				102CF0442B82989100621260 /* MyPostsView.swift in Sources */,
				10A4634E2B90C0B4005D2C45 /* ListItemCard.swift in Sources */,
				10F0FF0A2B8FE27300E470C5 /* Users+CoreDataProperties.swift in Sources */,
			);
			runOnlyForDeploymentPostprocessing = 0;
		};
/* End PBXSourcesBuildPhase section */

/* Begin PBXVariantGroup section */
		105717C52B7AD68D001C281C /* Main.storyboard */ = {
			isa = PBXVariantGroup;
			children = (
				105717C62B7AD68D001C281C /* Base */,
			);
			name = Main.storyboard;
			sourceTree = "<group>";
		};
/* End PBXVariantGroup section */

/* Begin XCBuildConfiguration section */
		105717CE2B7AD68F001C281C /* Debug */ = {
			isa = XCBuildConfiguration;
			buildSettings = {
				ALWAYS_SEARCH_USER_PATHS = NO;
				ASSETCATALOG_COMPILER_GENERATE_SWIFT_ASSET_SYMBOL_EXTENSIONS = YES;
				CLANG_ANALYZER_NONNULL = YES;
				CLANG_ANALYZER_NUMBER_OBJECT_CONVERSION = YES_AGGRESSIVE;
				CLANG_CXX_LANGUAGE_STANDARD = "gnu++20";
				CLANG_ENABLE_MODULES = YES;
				CLANG_ENABLE_OBJC_ARC = YES;
				CLANG_ENABLE_OBJC_WEAK = YES;
				CLANG_WARN_BLOCK_CAPTURE_AUTORELEASING = YES;
				CLANG_WARN_BOOL_CONVERSION = YES;
				CLANG_WARN_COMMA = YES;
				CLANG_WARN_CONSTANT_CONVERSION = YES;
				CLANG_WARN_DEPRECATED_OBJC_IMPLEMENTATIONS = YES;
				CLANG_WARN_DIRECT_OBJC_ISA_USAGE = YES_ERROR;
				CLANG_WARN_DOCUMENTATION_COMMENTS = YES;
				CLANG_WARN_EMPTY_BODY = YES;
				CLANG_WARN_ENUM_CONVERSION = YES;
				CLANG_WARN_INFINITE_RECURSION = YES;
				CLANG_WARN_INT_CONVERSION = YES;
				CLANG_WARN_NON_LITERAL_NULL_CONVERSION = YES;
				CLANG_WARN_OBJC_IMPLICIT_RETAIN_SELF = YES;
				CLANG_WARN_OBJC_LITERAL_CONVERSION = YES;
				CLANG_WARN_OBJC_ROOT_CLASS = YES_ERROR;
				CLANG_WARN_QUOTED_INCLUDE_IN_FRAMEWORK_HEADER = YES;
				CLANG_WARN_RANGE_LOOP_ANALYSIS = YES;
				CLANG_WARN_STRICT_PROTOTYPES = YES;
				CLANG_WARN_SUSPICIOUS_MOVE = YES;
				CLANG_WARN_UNGUARDED_AVAILABILITY = YES_AGGRESSIVE;
				CLANG_WARN_UNREACHABLE_CODE = YES;
				CLANG_WARN__DUPLICATE_METHOD_MATCH = YES;
				COPY_PHASE_STRIP = NO;
				DEBUG_INFORMATION_FORMAT = dwarf;
				ENABLE_STRICT_OBJC_MSGSEND = YES;
				ENABLE_TESTABILITY = YES;
				ENABLE_USER_SCRIPT_SANDBOXING = YES;
				GCC_C_LANGUAGE_STANDARD = gnu17;
				GCC_DYNAMIC_NO_PIC = NO;
				GCC_NO_COMMON_BLOCKS = YES;
				GCC_OPTIMIZATION_LEVEL = 0;
				GCC_PREPROCESSOR_DEFINITIONS = (
					"DEBUG=1",
					"$(inherited)",
				);
				GCC_WARN_64_TO_32_BIT_CONVERSION = YES;
				GCC_WARN_ABOUT_RETURN_TYPE = YES_ERROR;
				GCC_WARN_UNDECLARED_SELECTOR = YES;
				GCC_WARN_UNINITIALIZED_AUTOS = YES_AGGRESSIVE;
				GCC_WARN_UNUSED_FUNCTION = YES;
				GCC_WARN_UNUSED_VARIABLE = YES;
				IPHONEOS_DEPLOYMENT_TARGET = 17.2;
				LOCALIZATION_PREFERS_STRING_CATALOGS = YES;
				MTL_ENABLE_DEBUG_INFO = INCLUDE_SOURCE;
				MTL_FAST_MATH = YES;
				ONLY_ACTIVE_ARCH = YES;
				SDKROOT = iphoneos;
				SWIFT_ACTIVE_COMPILATION_CONDITIONS = "DEBUG $(inherited)";
				SWIFT_OPTIMIZATION_LEVEL = "-Onone";
			};
			name = Debug;
		};
		105717CF2B7AD68F001C281C /* Release */ = {
			isa = XCBuildConfiguration;
			buildSettings = {
				ALWAYS_SEARCH_USER_PATHS = NO;
				ASSETCATALOG_COMPILER_GENERATE_SWIFT_ASSET_SYMBOL_EXTENSIONS = YES;
				CLANG_ANALYZER_NONNULL = YES;
				CLANG_ANALYZER_NUMBER_OBJECT_CONVERSION = YES_AGGRESSIVE;
				CLANG_CXX_LANGUAGE_STANDARD = "gnu++20";
				CLANG_ENABLE_MODULES = YES;
				CLANG_ENABLE_OBJC_ARC = YES;
				CLANG_ENABLE_OBJC_WEAK = YES;
				CLANG_WARN_BLOCK_CAPTURE_AUTORELEASING = YES;
				CLANG_WARN_BOOL_CONVERSION = YES;
				CLANG_WARN_COMMA = YES;
				CLANG_WARN_CONSTANT_CONVERSION = YES;
				CLANG_WARN_DEPRECATED_OBJC_IMPLEMENTATIONS = YES;
				CLANG_WARN_DIRECT_OBJC_ISA_USAGE = YES_ERROR;
				CLANG_WARN_DOCUMENTATION_COMMENTS = YES;
				CLANG_WARN_EMPTY_BODY = YES;
				CLANG_WARN_ENUM_CONVERSION = YES;
				CLANG_WARN_INFINITE_RECURSION = YES;
				CLANG_WARN_INT_CONVERSION = YES;
				CLANG_WARN_NON_LITERAL_NULL_CONVERSION = YES;
				CLANG_WARN_OBJC_IMPLICIT_RETAIN_SELF = YES;
				CLANG_WARN_OBJC_LITERAL_CONVERSION = YES;
				CLANG_WARN_OBJC_ROOT_CLASS = YES_ERROR;
				CLANG_WARN_QUOTED_INCLUDE_IN_FRAMEWORK_HEADER = YES;
				CLANG_WARN_RANGE_LOOP_ANALYSIS = YES;
				CLANG_WARN_STRICT_PROTOTYPES = YES;
				CLANG_WARN_SUSPICIOUS_MOVE = YES;
				CLANG_WARN_UNGUARDED_AVAILABILITY = YES_AGGRESSIVE;
				CLANG_WARN_UNREACHABLE_CODE = YES;
				CLANG_WARN__DUPLICATE_METHOD_MATCH = YES;
				COPY_PHASE_STRIP = NO;
				DEBUG_INFORMATION_FORMAT = "dwarf-with-dsym";
				ENABLE_NS_ASSERTIONS = NO;
				ENABLE_STRICT_OBJC_MSGSEND = YES;
				ENABLE_USER_SCRIPT_SANDBOXING = YES;
				GCC_C_LANGUAGE_STANDARD = gnu17;
				GCC_NO_COMMON_BLOCKS = YES;
				GCC_WARN_64_TO_32_BIT_CONVERSION = YES;
				GCC_WARN_ABOUT_RETURN_TYPE = YES_ERROR;
				GCC_WARN_UNDECLARED_SELECTOR = YES;
				GCC_WARN_UNINITIALIZED_AUTOS = YES_AGGRESSIVE;
				GCC_WARN_UNUSED_FUNCTION = YES;
				GCC_WARN_UNUSED_VARIABLE = YES;
				IPHONEOS_DEPLOYMENT_TARGET = 17.2;
				LOCALIZATION_PREFERS_STRING_CATALOGS = YES;
				MTL_ENABLE_DEBUG_INFO = NO;
				MTL_FAST_MATH = YES;
				SDKROOT = iphoneos;
				SWIFT_COMPILATION_MODE = wholemodule;
				VALIDATE_PRODUCT = YES;
			};
			name = Release;
		};
		105717D12B7AD68F001C281C /* Debug */ = {
			isa = XCBuildConfiguration;
			buildSettings = {
				ASSETCATALOG_COMPILER_APPICON_NAME = AppIcon;
				ASSETCATALOG_COMPILER_GLOBAL_ACCENT_COLOR_NAME = AccentColor;
				CODE_SIGN_STYLE = Automatic;
				CURRENT_PROJECT_VERSION = 1;
				GENERATE_INFOPLIST_FILE = YES;
				INFOPLIST_FILE = "IOS-app_Gr6/Info.plist";
				INFOPLIST_KEY_CFBundleDisplayName = TourPal;
				INFOPLIST_KEY_UIApplicationSupportsIndirectInputEvents = YES;
				INFOPLIST_KEY_UILaunchStoryboardName = LaunchScreen;
				INFOPLIST_KEY_UIMainStoryboardFile = Main;
				INFOPLIST_KEY_UISupportedInterfaceOrientations_iPad = "UIInterfaceOrientationPortrait UIInterfaceOrientationPortraitUpsideDown UIInterfaceOrientationLandscapeLeft UIInterfaceOrientationLandscapeRight";
				INFOPLIST_KEY_UISupportedInterfaceOrientations_iPhone = "UIInterfaceOrientationPortrait UIInterfaceOrientationLandscapeLeft UIInterfaceOrientationLandscapeRight";
				LD_RUNPATH_SEARCH_PATHS = (
					"$(inherited)",
					"@executable_path/Frameworks",
				);
				MARKETING_VERSION = 1.0;
				PRODUCT_BUNDLE_IDENTIFIER = "com.beslind.IOS-app-Gr6";
				PRODUCT_NAME = "$(TARGET_NAME)";
				SWIFT_EMIT_LOC_STRINGS = YES;
				SWIFT_VERSION = 5.0;
				TARGETED_DEVICE_FAMILY = "1,2";
			};
			name = Debug;
		};
		105717D22B7AD68F001C281C /* Release */ = {
			isa = XCBuildConfiguration;
			buildSettings = {
				ASSETCATALOG_COMPILER_APPICON_NAME = AppIcon;
				ASSETCATALOG_COMPILER_GLOBAL_ACCENT_COLOR_NAME = AccentColor;
				CODE_SIGN_STYLE = Automatic;
				CURRENT_PROJECT_VERSION = 1;
				GENERATE_INFOPLIST_FILE = YES;
				INFOPLIST_FILE = "IOS-app_Gr6/Info.plist";
				INFOPLIST_KEY_CFBundleDisplayName = TourPal;
				INFOPLIST_KEY_UIApplicationSupportsIndirectInputEvents = YES;
				INFOPLIST_KEY_UILaunchStoryboardName = LaunchScreen;
				INFOPLIST_KEY_UIMainStoryboardFile = Main;
				INFOPLIST_KEY_UISupportedInterfaceOrientations_iPad = "UIInterfaceOrientationPortrait UIInterfaceOrientationPortraitUpsideDown UIInterfaceOrientationLandscapeLeft UIInterfaceOrientationLandscapeRight";
				INFOPLIST_KEY_UISupportedInterfaceOrientations_iPhone = "UIInterfaceOrientationPortrait UIInterfaceOrientationLandscapeLeft UIInterfaceOrientationLandscapeRight";
				LD_RUNPATH_SEARCH_PATHS = (
					"$(inherited)",
					"@executable_path/Frameworks",
				);
				MARKETING_VERSION = 1.0;
				PRODUCT_BUNDLE_IDENTIFIER = "com.beslind.IOS-app-Gr6";
				PRODUCT_NAME = "$(TARGET_NAME)";
				SWIFT_EMIT_LOC_STRINGS = YES;
				SWIFT_VERSION = 5.0;
				TARGETED_DEVICE_FAMILY = "1,2";
			};
			name = Release;
		};
/* End XCBuildConfiguration section */

/* Begin XCConfigurationList section */
		105717B72B7AD68D001C281C /* Build configuration list for PBXProject "IOS-app_Gr6" */ = {
			isa = XCConfigurationList;
			buildConfigurations = (
				105717CE2B7AD68F001C281C /* Debug */,
				105717CF2B7AD68F001C281C /* Release */,
			);
			defaultConfigurationIsVisible = 0;
			defaultConfigurationName = Release;
		};
		105717D02B7AD68F001C281C /* Build configuration list for PBXNativeTarget "IOS-app_Gr6" */ = {
			isa = XCConfigurationList;
			buildConfigurations = (
				105717D12B7AD68F001C281C /* Debug */,
				105717D22B7AD68F001C281C /* Release */,
			);
			defaultConfigurationIsVisible = 0;
			defaultConfigurationName = Release;
		};
/* End XCConfigurationList section */

/* Begin XCRemoteSwiftPackageReference section */
		102E11E72B8B68D3000445CA /* XCRemoteSwiftPackageReference "firebase-ios-sdk" */ = {
			isa = XCRemoteSwiftPackageReference;
			repositoryURL = "https://github.com/firebase/firebase-ios-sdk";
			requirement = {
				kind = upToNextMajorVersion;
				minimumVersion = 10.21.0;
			};
		};
/* End XCRemoteSwiftPackageReference section */

/* Begin XCSwiftPackageProductDependency section */
		102E11E82B8B68D3000445CA /* FirebaseAnalytics */ = {
			isa = XCSwiftPackageProductDependency;
			package = 102E11E72B8B68D3000445CA /* XCRemoteSwiftPackageReference "firebase-ios-sdk" */;
			productName = FirebaseAnalytics;
		};
		102E11EA2B8B68D3000445CA /* FirebaseAnalyticsOnDeviceConversion */ = {
			isa = XCSwiftPackageProductDependency;
			package = 102E11E72B8B68D3000445CA /* XCRemoteSwiftPackageReference "firebase-ios-sdk" */;
			productName = FirebaseAnalyticsOnDeviceConversion;
		};
		102E11EC2B8B68D3000445CA /* FirebaseAnalyticsSwift */ = {
			isa = XCSwiftPackageProductDependency;
			package = 102E11E72B8B68D3000445CA /* XCRemoteSwiftPackageReference "firebase-ios-sdk" */;
			productName = FirebaseAnalyticsSwift;
		};
		102E11EE2B8B68D3000445CA /* FirebaseAnalyticsWithoutAdIdSupport */ = {
			isa = XCSwiftPackageProductDependency;
			package = 102E11E72B8B68D3000445CA /* XCRemoteSwiftPackageReference "firebase-ios-sdk" */;
			productName = FirebaseAnalyticsWithoutAdIdSupport;
		};
		102E11F02B8B68D3000445CA /* FirebaseAppCheck */ = {
			isa = XCSwiftPackageProductDependency;
			package = 102E11E72B8B68D3000445CA /* XCRemoteSwiftPackageReference "firebase-ios-sdk" */;
			productName = FirebaseAppCheck;
		};
		102E11F22B8B68D3000445CA /* FirebaseAppDistribution-Beta */ = {
			isa = XCSwiftPackageProductDependency;
			package = 102E11E72B8B68D3000445CA /* XCRemoteSwiftPackageReference "firebase-ios-sdk" */;
			productName = "FirebaseAppDistribution-Beta";
		};
		102E11F42B8B68D3000445CA /* FirebaseAuth */ = {
			isa = XCSwiftPackageProductDependency;
			package = 102E11E72B8B68D3000445CA /* XCRemoteSwiftPackageReference "firebase-ios-sdk" */;
			productName = FirebaseAuth;
		};
		102E11F62B8B68D3000445CA /* FirebaseAuthCombine-Community */ = {
			isa = XCSwiftPackageProductDependency;
			package = 102E11E72B8B68D3000445CA /* XCRemoteSwiftPackageReference "firebase-ios-sdk" */;
			productName = "FirebaseAuthCombine-Community";
		};
		102E11F82B8B68D3000445CA /* FirebaseCrashlytics */ = {
			isa = XCSwiftPackageProductDependency;
			package = 102E11E72B8B68D3000445CA /* XCRemoteSwiftPackageReference "firebase-ios-sdk" */;
			productName = FirebaseCrashlytics;
		};
		102E11FA2B8B68D3000445CA /* FirebaseDatabase */ = {
			isa = XCSwiftPackageProductDependency;
			package = 102E11E72B8B68D3000445CA /* XCRemoteSwiftPackageReference "firebase-ios-sdk" */;
			productName = FirebaseDatabase;
		};
		102E11FC2B8B68D3000445CA /* FirebaseDatabaseSwift */ = {
			isa = XCSwiftPackageProductDependency;
			package = 102E11E72B8B68D3000445CA /* XCRemoteSwiftPackageReference "firebase-ios-sdk" */;
			productName = FirebaseDatabaseSwift;
		};
		102E11FE2B8B68D3000445CA /* FirebaseDynamicLinks */ = {
			isa = XCSwiftPackageProductDependency;
			package = 102E11E72B8B68D3000445CA /* XCRemoteSwiftPackageReference "firebase-ios-sdk" */;
			productName = FirebaseDynamicLinks;
		};
		102E12002B8B68D3000445CA /* FirebaseFirestore */ = {
			isa = XCSwiftPackageProductDependency;
			package = 102E11E72B8B68D3000445CA /* XCRemoteSwiftPackageReference "firebase-ios-sdk" */;
			productName = FirebaseFirestore;
		};
		102E12022B8B68D3000445CA /* FirebaseFirestoreCombine-Community */ = {
			isa = XCSwiftPackageProductDependency;
			package = 102E11E72B8B68D3000445CA /* XCRemoteSwiftPackageReference "firebase-ios-sdk" */;
			productName = "FirebaseFirestoreCombine-Community";
		};
		102E12042B8B68D3000445CA /* FirebaseFirestoreSwift */ = {
			isa = XCSwiftPackageProductDependency;
			package = 102E11E72B8B68D3000445CA /* XCRemoteSwiftPackageReference "firebase-ios-sdk" */;
			productName = FirebaseFirestoreSwift;
		};
		102E12062B8B68D3000445CA /* FirebaseFunctions */ = {
			isa = XCSwiftPackageProductDependency;
			package = 102E11E72B8B68D3000445CA /* XCRemoteSwiftPackageReference "firebase-ios-sdk" */;
			productName = FirebaseFunctions;
		};
		102E12082B8B68D3000445CA /* FirebaseFunctionsCombine-Community */ = {
			isa = XCSwiftPackageProductDependency;
			package = 102E11E72B8B68D3000445CA /* XCRemoteSwiftPackageReference "firebase-ios-sdk" */;
			productName = "FirebaseFunctionsCombine-Community";
		};
		102E120A2B8B68D3000445CA /* FirebaseInAppMessaging-Beta */ = {
			isa = XCSwiftPackageProductDependency;
			package = 102E11E72B8B68D3000445CA /* XCRemoteSwiftPackageReference "firebase-ios-sdk" */;
			productName = "FirebaseInAppMessaging-Beta";
		};
		102E120C2B8B68D3000445CA /* FirebaseInAppMessagingSwift-Beta */ = {
			isa = XCSwiftPackageProductDependency;
			package = 102E11E72B8B68D3000445CA /* XCRemoteSwiftPackageReference "firebase-ios-sdk" */;
			productName = "FirebaseInAppMessagingSwift-Beta";
		};
		102E120E2B8B68D3000445CA /* FirebaseInstallations */ = {
			isa = XCSwiftPackageProductDependency;
			package = 102E11E72B8B68D3000445CA /* XCRemoteSwiftPackageReference "firebase-ios-sdk" */;
			productName = FirebaseInstallations;
		};
		102E12102B8B68D3000445CA /* FirebaseMLModelDownloader */ = {
			isa = XCSwiftPackageProductDependency;
			package = 102E11E72B8B68D3000445CA /* XCRemoteSwiftPackageReference "firebase-ios-sdk" */;
			productName = FirebaseMLModelDownloader;
		};
		102E12122B8B68D3000445CA /* FirebaseMessaging */ = {
			isa = XCSwiftPackageProductDependency;
			package = 102E11E72B8B68D3000445CA /* XCRemoteSwiftPackageReference "firebase-ios-sdk" */;
			productName = FirebaseMessaging;
		};
		102E12142B8B68D3000445CA /* FirebasePerformance */ = {
			isa = XCSwiftPackageProductDependency;
			package = 102E11E72B8B68D3000445CA /* XCRemoteSwiftPackageReference "firebase-ios-sdk" */;
			productName = FirebasePerformance;
		};
		102E12162B8B68D3000445CA /* FirebaseRemoteConfig */ = {
			isa = XCSwiftPackageProductDependency;
			package = 102E11E72B8B68D3000445CA /* XCRemoteSwiftPackageReference "firebase-ios-sdk" */;
			productName = FirebaseRemoteConfig;
		};
		102E12182B8B68D3000445CA /* FirebaseRemoteConfigSwift */ = {
			isa = XCSwiftPackageProductDependency;
			package = 102E11E72B8B68D3000445CA /* XCRemoteSwiftPackageReference "firebase-ios-sdk" */;
			productName = FirebaseRemoteConfigSwift;
		};
		102E121A2B8B68D3000445CA /* FirebaseStorage */ = {
			isa = XCSwiftPackageProductDependency;
			package = 102E11E72B8B68D3000445CA /* XCRemoteSwiftPackageReference "firebase-ios-sdk" */;
			productName = FirebaseStorage;
		};
		102E121C2B8B68D3000445CA /* FirebaseStorageCombine-Community */ = {
			isa = XCSwiftPackageProductDependency;
			package = 102E11E72B8B68D3000445CA /* XCRemoteSwiftPackageReference "firebase-ios-sdk" */;
			productName = "FirebaseStorageCombine-Community";
		};
/* End XCSwiftPackageProductDependency section */

/* Begin XCVersionGroup section */
		1089622D2B86987800E848AC /* CoreDataDemo.xcdatamodeld */ = {
			isa = XCVersionGroup;
			children = (
				1089622E2B86987800E848AC /* CoreDataDemo.xcdatamodel */,
			);
			currentVersion = 1089622E2B86987800E848AC /* CoreDataDemo.xcdatamodel */;
			path = CoreDataDemo.xcdatamodeld;
			sourceTree = "<group>";
			versionGroupType = wrapper.xcdatamodel;
		};
/* End XCVersionGroup section */
	};
	rootObject = 105717B42B7AD68D001C281C /* Project object */;
}
